
Microsoft Visual Studio Solution File, Format Version 12.00
# Visual Studio 2013
VisualStudioVersion = 12.0.21005.1
MinimumVisualStudioVersion = 10.0.40219.1
Project("{FAE04EC0-301F-11D3-BF4B-00C04F79EFBC}") = "Examination.WebUI", "Examination.WebUI\Examination.WebUI.csproj", "{9128BB52-2D17-476A-A5ED-0C75301A9E0B}"
EndProject
Project("{FAE04EC0-301F-11D3-BF4B-00C04F79EFBC}") = "Examination.Domain", "Examination.Domain\Examination.Domain.csproj", "{B0D21280-527F-4F95-8360-9A3C8043A73B}"
EndProject
Global
	GlobalSection(SolutionConfigurationPlatforms) = preSolution
		Debug|Any CPU = Debug|Any CPU
		Release|Any CPU = Release|Any CPU
	EndGlobalSection
	GlobalSection(ProjectConfigurationPlatforms) = postSolution
		{9128BB52-2D17-476A-A5ED-0C75301A9E0B}.Debug|Any CPU.ActiveCfg = Debug|Any CPU
		{9128BB52-2D17-476A-A5ED-0C75301A9E0B}.Debug|Any CPU.Build.0 = Debug|Any CPU
		{9128BB52-2D17-476A-A5ED-0C75301A9E0B}.Release|Any CPU.ActiveCfg = Release|Any CPU
		{9128BB52-2D17-476A-A5ED-0C75301A9E0B}.Release|Any CPU.Build.0 = Release|Any CPU
		{B0D21280-527F-4F95-8360-9A3C8043A73B}.Debug|Any CPU.ActiveCfg = Debug|Any CPU
		{B0D21280-527F-4F95-8360-9A3C8043A73B}.Debug|Any CPU.Build.0 = Debug|Any CPU
		{B0D21280-527F-4F95-8360-9A3C8043A73B}.Release|Any CPU.ActiveCfg = Release|Any CPU
		{B0D21280-527F-4F95-8360-9A3C8043A73B}.Release|Any CPU.Build.0 = Release|Any CPU
	EndGlobalSection
	GlobalSection(SolutionProperties) = preSolution
		HideSolutionNode = FALSE
	EndGlobalSection
EndGlobal
